{
  "lockfileVersion": 1,
  "workspaces": {
    "": {
      "name": "agbday-bot",
      "dependencies": {
        "@grammyjs/auto-retry": "^2.0.2",
        "@grammyjs/chat-members": "^1.1.0",
        "@grammyjs/commands": "^1.0.4",
        "@grammyjs/conversations": "^1.2.0",
        "@grammyjs/hydrate": "^1.4.1",
        "@grammyjs/storage-file": "^2.4.2",
        "@grammyjs/types": "grammyjs/types",
        "dotenv": "^16.4.7",
        "grammy": "^1.34.0",
        "node-schedule": "^2.1.1",
      },
      "devDependencies": {
        "@types/bun": "latest",
      },
      "peerDependencies": {
        "typescript": "^5.0.0",
      },
    },
  },
  "packages": {
    "@deno/shim-deno": ["@deno/shim-deno@0.16.1", "", { "dependencies": { "@deno/shim-deno-test": "^0.4.0", "which": "^2.0.2" } }, "sha512-s9v0kzF5bm/o9TgdwvsraHx6QNllYrXXmKzgOG2lh4LFXnVMr2gpjK/c/ve6EflQn1MqImcWmVD8HAv5ahuuZQ=="],

    "@deno/shim-deno-test": ["@deno/shim-deno-test@0.4.0", "", {}, "sha512-oYWcD7CpERZy/TXMTM9Tgh1HD/POHlbY9WpzmAk+5H8DohcxG415Qws8yLGlim3EaKBT2v3lJv01x4G0BosnaQ=="],

    "@grammyjs/auto-retry": ["@grammyjs/auto-retry@2.0.2", "", { "dependencies": { "debug": "^4.3.4" }, "peerDependencies": { "grammy": "^1.10.0" } }, "sha512-b4A4p5jlYDiQtW0c0FXYe11WMkYoiW+5rvOaDMCOk1h7Pu2SDl7B7gmFF8cthWCx2+M2nWLOsBxAgbBG4kKWYg=="],

    "@grammyjs/chat-members": ["@grammyjs/chat-members@1.1.0", "", { "peerDependencies": { "grammy": "^1.19.0" } }, "sha512-XwPd3XVL+r43xYrBUdD2Tiu1UU4Zx9flT+Us9JW3vnepDQ4TISSQuHHPZ0TuRa69HsKXNaMt0U2H6yU34EJQ3w=="],

    "@grammyjs/commands": ["@grammyjs/commands@1.0.4", "", { "peerDependencies": { "grammy": "^1.17.1" } }, "sha512-G3C4w9I7baEzhk/Yq/TMELUGAmVEQGtwM46oyMijxE2hHTOPrBzs/LqaSfJFraYGLKCum0xAxXryMcEHQ/chDw=="],

    "@grammyjs/conversations": ["@grammyjs/conversations@1.2.0", "", { "dependencies": { "debug": "^4.3.4", "o-son": "^1.0.1" }, "peerDependencies": { "grammy": "^1.20.1" } }, "sha512-d06nGFPlcea4UqjOcxCm5rwiV74bZQVUWQl3YVQp5TwC0oCHNK+PXgqaKkVgkfcYSMyx3dADRBuBkcGt+yiyDA=="],

    "@grammyjs/hydrate": ["@grammyjs/hydrate@1.4.1", "", { "dependencies": { "abort-controller": "^3.0.0" }, "peerDependencies": { "grammy": "^1.20.1" } }, "sha512-xvd7XXoVHEhxBV2M8UHDRYkZlv32JioHfs+0l+eN34mkJJJBchuRDgRY3fkVJko8o1hGFHHLAJJTlEs2OAMolA=="],

    "@grammyjs/storage-file": ["@grammyjs/storage-file@2.4.2", "", {}, "sha512-LWMvy5yCAxnYuKgCASRDCq8VSQ1SXn3t8ZzkG3ftcJD6+HQkDhe4GETCxWGbPOqVH7jFMOIt7PnoP9DuoR4T6g=="],

    "@grammyjs/types": ["@grammyjs/types@github:grammyjs/types#09d3a1e", {}, "grammyjs-types-09d3a1e"],

    "@types/bun": ["@types/bun@1.1.17", "", { "dependencies": { "bun-types": "1.1.44" } }, "sha512-zZt0Kao/8hAwNOXh4bmt8nKbMEd4QD8n7PeTGF+NZTVY5ouXhU/TX7jUj4He1p7mgY+WdplnU1B6MB1j17vdzg=="],

    "@types/node": ["@types/node@20.12.14", "", { "dependencies": { "undici-types": "~5.26.4" } }, "sha512-scnD59RpYD91xngrQQLGkE+6UrHUPzeKZWhhjBSa3HSkwjbQc38+q3RoIVEwxQGRw3M+j5hpNAM+lgV3cVormg=="],

    "@types/ws": ["@types/ws@8.5.13", "", { "dependencies": { "@types/node": "*" } }, "sha512-osM/gWBTPKgHV8XkTunnegTRIsvF6owmf5w+JtAfOw472dptdm0dlGv4xCt6GwQRcC2XVOvvRE/0bAoQcL2QkA=="],

    "abort-controller": ["abort-controller@3.0.0", "", { "dependencies": { "event-target-shim": "^5.0.0" } }, "sha512-h8lQ8tacZYnR3vNQTgibj+tODHI5/+l06Au2Pcriv/Gmet0eaj4TwWH41sO9wnHDiQsEj19q0drzdWdeAHtweg=="],

    "bun-types": ["bun-types@1.1.44", "", { "dependencies": { "@types/node": "~20.12.8", "@types/ws": "~8.5.10" } }, "sha512-jtcekoZeSINgEcHSISzhR13w/cyE+Fankw2Cpl4c0fN3lRmKVAX0i9ay4FyK4lOxUK1HG4HkuIlrPvXKz4Y7sw=="],

    "cron-parser": ["cron-parser@4.9.0", "", { "dependencies": { "luxon": "^3.2.1" } }, "sha512-p0SaNjrHOnQeR8/VnfGbmg9te2kfyYSQ7Sc/j/6DtPL3JQvKxmjO9TSjNFpujqV3vEYYBvNNvXSxzyksBWAx1Q=="],

    "debug": ["debug@4.4.0", "", { "dependencies": { "ms": "^2.1.3" } }, "sha512-6WTZ/IxCY/T6BALoZHaE4ctp9xm+Z5kY/pzYaCHRFeyVhojxlrm+46y68HA6hr0TcwEssoxNiDEUJQjfPZ/RYA=="],

    "dotenv": ["dotenv@16.4.7", "", {}, "sha512-47qPchRCykZC03FhkYAhrvwU4xDBFIj1QPqaarj6mdM/hgUzfPHcpkHJOn3mJAufFeeAxAzeGsr5X0M4k6fLZQ=="],

    "event-target-shim": ["event-target-shim@5.0.1", "", {}, "sha512-i/2XbnSz/uxRCU6+NdVJgKWDTM427+MqYbkQzD321DuCQJUqOuJKIA0IM2+W2xtYHdKOmZ4dR6fExsd4SXL+WQ=="],

    "grammy": ["grammy@1.34.0", "", { "dependencies": { "@grammyjs/types": "3.18.0", "abort-controller": "^3.0.0", "debug": "^4.3.4", "node-fetch": "^2.7.0" } }, "sha512-YSLUSLdwycufB0Si9em+Ef3aXt7Vq0LYuGgwF4+ZskPb6+3RzrPdkh28qQNKhCeIXKodgMKQ5CxAHf/fLJZufg=="],

    "isexe": ["isexe@2.0.0", "", {}, "sha512-RHxMLp9lnKHGHRng9QFhRCMbYAcVpn69smSGcq3f36xjgVVWThj4qqLbTLlq7Ssj8B+fIQ1EuCEGI2lKsyQeIw=="],

    "long-timeout": ["long-timeout@0.1.1", "", {}, "sha512-BFRuQUqc7x2NWxfJBCyUrN8iYUYznzL9JROmRz1gZ6KlOIgmoD+njPVbb+VNn2nGMKggMsK79iUNErillsrx7w=="],

    "luxon": ["luxon@3.5.0", "", {}, "sha512-rh+Zjr6DNfUYR3bPwJEnuwDdqMbxZW7LOQfUN4B54+Cl+0o5zaU9RJ6bcidfDtC1cWCZXQ+nvX8bf6bAji37QQ=="],

    "ms": ["ms@2.1.3", "", {}, "sha512-6FlzubTLZG3J2a/NVCAleEhjzq5oxgHyaCU9yYXvcLsvoVaHJq/s5xXI6/XXP6tz7R9xAOtHnSO/tXtF3WRTlA=="],

    "node-fetch": ["node-fetch@2.7.0", "", { "dependencies": { "whatwg-url": "^5.0.0" }, "peerDependencies": { "encoding": "^0.1.0" }, "optionalPeers": ["encoding"] }, "sha512-c4FRfUm/dbcWZ7U+1Wq0AwCyFL+3nt2bEw05wfxSz+DWpWsitgmSgYmy2dQdWyKC1694ELPqMs/YzUSNozLt8A=="],

    "node-schedule": ["node-schedule@2.1.1", "", { "dependencies": { "cron-parser": "^4.2.0", "long-timeout": "0.1.1", "sorted-array-functions": "^1.3.0" } }, "sha512-OXdegQq03OmXEjt2hZP33W2YPs/E5BcFQks46+G2gAxs4gHOIVD1u7EqlYLYSKsaIpyKCK9Gbk0ta1/gjRSMRQ=="],

    "o-son": ["o-son@1.0.4", "", { "dependencies": { "@deno/shim-deno": "~0.16.1" } }, "sha512-tdGKxZgiTexSv97/igC2m8Y6FljgwvwHW/Zy3ql3Jx6MPKrPKaBDLhV7rz8uuLjcDPw6Pxa2PVsnWwen59MmnQ=="],

    "sorted-array-functions": ["sorted-array-functions@1.3.0", "", {}, "sha512-2sqgzeFlid6N4Z2fUQ1cvFmTOLRi/sEDzSQ0OKYchqgoPmQBVyM3959qYx3fpS6Esef80KjmpgPeEr028dP3OA=="],

    "tr46": ["tr46@0.0.3", "", {}, "sha512-N3WMsuqV66lT30CrXNbEjx4GEwlow3v6rr4mCcv6prnfwhS01rkgyFdjPNBYd9br7LpXV1+Emh01fHnq2Gdgrw=="],

    "typescript": ["typescript@5.7.3", "", { "bin": { "tsc": "bin/tsc", "tsserver": "bin/tsserver" } }, "sha512-84MVSjMEHP+FQRPy3pX9sTVV/INIex71s9TL2Gm5FG/WG1SqXeKyZ0k7/blY/4FdOzI12CBy1vGc4og/eus0fw=="],

    "undici-types": ["undici-types@5.26.5", "", {}, "sha512-JlCMO+ehdEIKqlFxk6IfVoAUVmgz7cU7zD/h9XZ0qzeosSHmUJVOzSQvvYSYWXkFXC+IfLKSIffhv0sVZup6pA=="],

    "webidl-conversions": ["webidl-conversions@3.0.1", "", {}, "sha512-2JAn3z8AR6rjK8Sm8orRC0h/bcl/DqL7tRPdGZ4I1CjdF+EaMLmYxBHyXuKL849eucPFhvBoxMsflfOb8kxaeQ=="],

    "whatwg-url": ["whatwg-url@5.0.0", "", { "dependencies": { "tr46": "~0.0.3", "webidl-conversions": "^3.0.0" } }, "sha512-saE57nupxk6v3HY35+jzBwYa0rKSy0XR8JSxZPwgLr7ys0IBzhGviA1/TUGJLmSVqs8pb9AnvICXEuOHLprYTw=="],

    "which": ["which@2.0.2", "", { "dependencies": { "isexe": "^2.0.0" }, "bin": { "node-which": "./bin/node-which" } }, "sha512-BLI3Tl1TW3Pvl70l3yq3Y64i+awpwXqsGBYWkkqMtnbXgrMD+yj7rhW0kuEDxzJaYXGjEW5ogapKNMEKNMjibA=="],

    "grammy/@grammyjs/types": ["@grammyjs/types@3.18.0", "", {}, "sha512-/VpQcT6Z0+Lw6H6jv2JvnDmqB1/9rjbFdDBlPBPUW3kQ1bWfjzfaiVk2+J2eiid3o3sLaPp3ZK0XjEI1gWNc3g=="],
  }
}
